
Microsoft Visual Studio Solution File, Format Version 12.00
# Visual Studio 15
VisualStudioVersion = 15.0.27130.2026
MinimumVisualStudioVersion = 10.0.40219.1
Project("{9A19103F-16F7-4668-BE54-9A1E7A4F7556}") = "GildedRoseProblem", "GildedRoseProblem\GildedRoseProblem.csproj", "{186E99E8-E5C1-441F-9C3B-149D69FEC46C}"
EndProject
Project("{FAE04EC0-301F-11D3-BF4B-00C04F79EFBC}") = "GildedRoseUnitTests", "GildedRoseUnitTests\GildedRoseUnitTests.csproj", "{69FBF822-A10D-404E-A7B9-8F46FFDED7FB}"
EndProject
Global
	GlobalSection(SolutionConfigurationPlatforms) = preSolution
		Debug|Any CPU = Debug|Any CPU
		Release|Any CPU = Release|Any CPU
	EndGlobalSection
	GlobalSection(ProjectConfigurationPlatforms) = postSolution
		{186E99E8-E5C1-441F-9C3B-149D69FEC46C}.Debug|Any CPU.ActiveCfg = Debug|Any CPU
		{186E99E8-E5C1-441F-9C3B-149D69FEC46C}.Debug|Any CPU.Build.0 = Debug|Any CPU
		{186E99E8-E5C1-441F-9C3B-149D69FEC46C}.Release|Any CPU.ActiveCfg = Release|Any CPU
		{186E99E8-E5C1-441F-9C3B-149D69FEC46C}.Release|Any CPU.Build.0 = Release|Any CPU
		{69FBF822-A10D-404E-A7B9-8F46FFDED7FB}.Debug|Any CPU.ActiveCfg = Debug|Any CPU
		{69FBF822-A10D-404E-A7B9-8F46FFDED7FB}.Debug|Any CPU.Build.0 = Debug|Any CPU
		{69FBF822-A10D-404E-A7B9-8F46FFDED7FB}.Release|Any CPU.ActiveCfg = Release|Any CPU
		{69FBF822-A10D-404E-A7B9-8F46FFDED7FB}.Release|Any CPU.Build.0 = Release|Any CPU
	EndGlobalSection
	GlobalSection(SolutionProperties) = preSolution
		HideSolutionNode = FALSE
	EndGlobalSection
	GlobalSection(ExtensibilityGlobals) = postSolution
		SolutionGuid = {3A888E83-574F-432F-B1B9-749009021528}
	EndGlobalSection
EndGlobal
